
Microsoft Visual Studio Solution File, Format Version 12.00
# Visual Studio 2012
Project("{FAE04EC0-301F-11D3-BF4B-00C04F79EFBC}") = "Ordenamiento Por Inserccion", "Ordenamiento Por Inserccion\Ordenamiento Por Inserccion.csproj", "{5A9761B1-F53D-4285-B965-17A87AF46F39}"
EndProject
Global
	GlobalSection(SolutionConfigurationPlatforms) = preSolution
		Debug|Any CPU = Debug|Any CPU
		Release|Any CPU = Release|Any CPU
	EndGlobalSection
	GlobalSection(ProjectConfigurationPlatforms) = postSolution
		{5A9761B1-F53D-4285-B965-17A87AF46F39}.Debug|Any CPU.ActiveCfg = Debug|Any CPU
		{5A9761B1-F53D-4285-B965-17A87AF46F39}.Debug|Any CPU.Build.0 = Debug|Any CPU
		{5A9761B1-F53D-4285-B965-17A87AF46F39}.Release|Any CPU.ActiveCfg = Release|Any CPU
		{5A9761B1-F53D-4285-B965-17A87AF46F39}.Release|Any CPU.Build.0 = Release|Any CPU
	EndGlobalSection
	GlobalSection(SolutionProperties) = preSolution
		HideSolutionNode = FALSE
	EndGlobalSection
EndGlobal
